// !$*UTF8*$!
{
	archiveVersion = 1;
	classes = {
	};
	objectVersion = 48;
	objects = {

/* Begin PBXBuildFile section */
		27FE1E2C20939F7C008F2338 /* AppDelegate.m in Sources */ = {isa = PBXBuildFile; fileRef = 27FE1E2B20939F7C008F2338 /* AppDelegate.m */; };
		27FE1E2F20939F7C008F2338 /* ViewController.m in Sources */ = {isa = PBXBuildFile; fileRef = 27FE1E2E20939F7C008F2338 /* ViewController.m */; };
		27FE1E3220939F7C008F2338 /* Main.storyboard in Resources */ = {isa = PBXBuildFile; fileRef = 27FE1E3020939F7C008F2338 /* Main.storyboard */; };
		27FE1E3420939F7C008F2338 /* Assets.xcassets in Resources */ = {isa = PBXBuildFile; fileRef = 27FE1E3320939F7C008F2338 /* Assets.xcassets */; };
		27FE1E3720939F7C008F2338 /* LaunchScreen.storyboard in Resources */ = {isa = PBXBuildFile; fileRef = 27FE1E3520939F7C008F2338 /* LaunchScreen.storyboard */; };
		27FE1E3A20939F7C008F2338 /* main.m in Sources */ = {isa = PBXBuildFile; fileRef = 27FE1E3920939F7C008F2338 /* main.m */; };
		27FE1E422093A032008F2338 /* MapKit.framework in Frameworks */ = {isa = PBXBuildFile; fileRef = 27FE1E412093A032008F2338 /* MapKit.framework */; };
		27FE1E482093C4DF008F2338 /* NetworkManager.m in Sources */ = {isa = PBXBuildFile; fileRef = 27FE1E472093C4DF008F2338 /* NetworkManager.m */; };
		27FE1E4B2093C978008F2338 /* Cafe.m in Sources */ = {isa = PBXBuildFile; fileRef = 27FE1E4A2093C978008F2338 /* Cafe.m */; };
/* End PBXBuildFile section */

/* Begin PBXFileReference section */
		27FE1E2720939F7C008F2338 /* Uber Bean.app */ = {isa = PBXFileReference; explicitFileType = wrapper.application; includeInIndex = 0; path = "Uber Bean.app"; sourceTree = BUILT_PRODUCTS_DIR; };
		27FE1E2A20939F7C008F2338 /* AppDelegate.h */ = {isa = PBXFileReference; lastKnownFileType = sourcecode.c.h; path = AppDelegate.h; sourceTree = "<group>"; };
		27FE1E2B20939F7C008F2338 /* AppDelegate.m */ = {isa = PBXFileReference; lastKnownFileType = sourcecode.c.objc; path = AppDelegate.m; sourceTree = "<group>"; };
		27FE1E2D20939F7C008F2338 /* ViewController.h */ = {isa = PBXFileReference; lastKnownFileType = sourcecode.c.h; path = ViewController.h; sourceTree = "<group>"; };
		27FE1E2E20939F7C008F2338 /* ViewController.m */ = {isa = PBXFileReference; lastKnownFileType = sourcecode.c.objc; path = ViewController.m; sourceTree = "<group>"; };
		27FE1E3120939F7C008F2338 /* Base */ = {isa = PBXFileReference; lastKnownFileType = file.storyboard; name = Base; path = Base.lproj/Main.storyboard; sourceTree = "<group>"; };
		27FE1E3320939F7C008F2338 /* Assets.xcassets */ = {isa = PBXFileReference; lastKnownFileType = folder.assetcatalog; path = Assets.xcassets; sourceTree = "<group>"; };
		27FE1E3620939F7C008F2338 /* Base */ = {isa = PBXFileReference; lastKnownFileType = file.storyboard; name = Base; path = Base.lproj/LaunchScreen.storyboard; sourceTree = "<group>"; };
		27FE1E3820939F7C008F2338 /* Info.plist */ = {isa = PBXFileReference; lastKnownFileType = text.plist.xml; path = Info.plist; sourceTree = "<group>"; };
		27FE1E3920939F7C008F2338 /* main.m */ = {isa = PBXFileReference; lastKnownFileType = sourcecode.c.objc; path = main.m; sourceTree = "<group>"; };
		27FE1E412093A032008F2338 /* MapKit.framework */ = {isa = PBXFileReference; lastKnownFileType = wrapper.framework; name = MapKit.framework; path = System/Library/Frameworks/MapKit.framework; sourceTree = SDKROOT; };
		27FE1E462093C4DF008F2338 /* NetworkManager.h */ = {isa = PBXFileReference; lastKnownFileType = sourcecode.c.h; path = NetworkManager.h; sourceTree = "<group>"; };
		27FE1E472093C4DF008F2338 /* NetworkManager.m */ = {isa = PBXFileReference; lastKnownFileType = sourcecode.c.objc; path = NetworkManager.m; sourceTree = "<group>"; };
		27FE1E492093C978008F2338 /* Cafe.h */ = {isa = PBXFileReference; lastKnownFileType = sourcecode.c.h; path = Cafe.h; sourceTree = "<group>"; };
		27FE1E4A2093C978008F2338 /* Cafe.m */ = {isa = PBXFileReference; lastKnownFileType = sourcecode.c.objc; path = Cafe.m; sourceTree = "<group>"; };
/* End PBXFileReference section */

/* Begin PBXFrameworksBuildPhase section */
		27FE1E2420939F7C008F2338 /* Frameworks */ = {
			isa = PBXFrameworksBuildPhase;
			buildActionMask = 2147483647;
			files = (
				27FE1E422093A032008F2338 /* MapKit.framework in Frameworks */,
			);
			runOnlyForDeploymentPostprocessing = 0;
		};
/* End PBXFrameworksBuildPhase section */

/* Begin PBXGroup section */
		27FE1E1E20939F7C008F2338 = {
			isa = PBXGroup;
			children = (
				27FE1E2920939F7C008F2338 /* Uber Bean */,
				27FE1E2820939F7C008F2338 /* Products */,
				27FE1E402093A032008F2338 /* Frameworks */,
			);
			sourceTree = "<group>";
		};
		27FE1E2820939F7C008F2338 /* Products */ = {
			isa = PBXGroup;
			children = (
				27FE1E2720939F7C008F2338 /* Uber Bean.app */,
			);
			name = Products;
			sourceTree = "<group>";
		};
		27FE1E2920939F7C008F2338 /* Uber Bean */ = {
			isa = PBXGroup;
			children = (
				27FE1E2A20939F7C008F2338 /* AppDelegate.h */,
				27FE1E2B20939F7C008F2338 /* AppDelegate.m */,
				27FE1E2D20939F7C008F2338 /* ViewController.h */,
				27FE1E2E20939F7C008F2338 /* ViewController.m */,
				27FE1E492093C978008F2338 /* Cafe.h */,
				27FE1E4A2093C978008F2338 /* Cafe.m */,
				27FE1E462093C4DF008F2338 /* NetworkManager.h */,
				27FE1E472093C4DF008F2338 /* NetworkManager.m */,
				27FE1E3020939F7C008F2338 /* Main.storyboard */,
				27FE1E3320939F7C008F2338 /* Assets.xcassets */,
				27FE1E3520939F7C008F2338 /* LaunchScreen.storyboard */,
				27FE1E3820939F7C008F2338 /* Info.plist */,
				27FE1E3920939F7C008F2338 /* main.m */,
			);
			path = "Uber Bean";
			sourceTree = "<group>";
		};
		27FE1E402093A032008F2338 /* Frameworks */ = {
			isa = PBXGroup;
			children = (
				27FE1E412093A032008F2338 /* MapKit.framework */,
			);
			name = Frameworks;
			sourceTree = "<group>";
		};
/* End PBXGroup section */

/* Begin PBXNativeTarget section */
		27FE1E2620939F7C008F2338 /* Uber Bean */ = {
			isa = PBXNativeTarget;
			buildConfigurationList = 27FE1E3D20939F7C008F2338 /* Build configuration list for PBXNativeTarget "Uber Bean" */;
			buildPhases = (
				27FE1E2320939F7C008F2338 /* Sources */,
				27FE1E2420939F7C008F2338 /* Frameworks */,
				27FE1E2520939F7C008F2338 /* Resources */,
			);
			buildRules = (
			);
			dependencies = (
			);
			name = "Uber Bean";
			productName = "Uber Bean";
			productReference = 27FE1E2720939F7C008F2338 /* Uber Bean.app */;
			productType = "com.apple.product-type.application";
		};
/* End PBXNativeTarget section */

/* Begin PBXProject section */
		27FE1E1F20939F7C008F2338 /* Project object */ = {
			isa = PBXProject;
			attributes = {
				LastUpgradeCheck = 0920;
				ORGANIZATIONNAME = "Mike Cameron";
				TargetAttributes = {
					27FE1E2620939F7C008F2338 = {
						CreatedOnToolsVersion = 9.2;
						ProvisioningStyle = Automatic;
					};
				};
			};
			buildConfigurationList = 27FE1E2220939F7C008F2338 /* Build configuration list for PBXProject "Uber Bean" */;
			compatibilityVersion = "Xcode 8.0";
			developmentRegion = en;
			hasScannedForEncodings = 0;
			knownRegions = (
				en,
				Base,
			);
			mainGroup = 27FE1E1E20939F7C008F2338;
			productRefGroup = 27FE1E2820939F7C008F2338 /* Products */;
			projectDirPath = "";
			projectRoot = "";
			targets = (
				27FE1E2620939F7C008F2338 /* Uber Bean */,
			);
		};
/* End PBXProject section */

/* Begin PBXResourcesBuildPhase section */
		27FE1E2520939F7C008F2338 /* Resources */ = {
			isa = PBXResourcesBuildPhase;
			buildActionMask = 2147483647;
			files = (
				27FE1E3720939F7C008F2338 /* LaunchScreen.storyboard in Resources */,
				27FE1E3420939F7C008F2338 /* Assets.xcassets in Resources */,
				27FE1E3220939F7C008F2338 /* Main.storyboard in Resources */,
			);
			runOnlyForDeploymentPostprocessing = 0;
		};
/* End PBXResourcesBuildPhase section */

/* Begin PBXSourcesBuildPhase section */
		27FE1E2320939F7C008F2338 /* Sources */ = {
			isa = PBXSourcesBuildPhase;
			buildActionMask = 2147483647;
			files = (
				27FE1E4B2093C978008F2338 /* Cafe.m in Sources */,
				27FE1E482093C4DF008F2338 /* NetworkManager.m in Sources */,
				27FE1E2F20939F7C008F2338 /* ViewController.m in Sources */,
				27FE1E3A20939F7C008F2338 /* main.m in Sources */,
				27FE1E2C20939F7C008F2338 /* AppDelegate.m in Sources */,
			);
			runOnlyForDeploymentPostprocessing = 0;
		};
/* End PBXSourcesBuildPhase section */

/* Begin PBXVariantGroup section */
		27FE1E3020939F7C008F2338 /* Main.storyboard */ = {
			isa = PBXVariantGroup;
			children = (
				27FE1E3120939F7C008F2338 /* Base */,
			);
			name = Main.storyboard;
			sourceTree = "<group>";
		};
		27FE1E3520939F7C008F2338 /* LaunchScreen.storyboard */ = {
			isa = PBXVariantGroup;
			children = (
				27FE1E3620939F7C008F2338 /* Base */,
			);
			name = LaunchScreen.storyboard;
			sourceTree = "<group>";
		};
/* End PBXVariantGroup section */

/* Begin XCBuildConfiguration section */
		27FE1E3B20939F7C008F2338 /* Debug */ = {
			isa = XCBuildConfiguration;
			buildSettings = {
				ALWAYS_SEARCH_USER_PATHS = NO;
				CLANG_ANALYZER_NONNULL = YES;
				CLANG_ANALYZER_NUMBER_OBJECT_CONVERSION = YES_AGGRESSIVE;
				CLANG_CXX_LANGUAGE_STANDARD = "gnu++14";
				CLANG_CXX_LIBRARY = "libc++";
				CLANG_ENABLE_MODULES = YES;
				CLANG_ENABLE_OBJC_ARC = YES;
				CLANG_WARN_BLOCK_CAPTURE_AUTORELEASING = YES;
				CLANG_WARN_BOOL_CONVERSION = YES;
				CLANG_WARN_COMMA = YES;
				CLANG_WARN_CONSTANT_CONVERSION = YES;
				CLANG_WARN_DIRECT_OBJC_ISA_USAGE = YES_ERROR;
				CLANG_WARN_DOCUMENTATION_COMMENTS = YES;
				CLANG_WARN_EMPTY_BODY = YES;
				CLANG_WARN_ENUM_CONVERSION = YES;
				CLANG_WARN_INFINITE_RECURSION = YES;
				CLANG_WARN_INT_CONVERSION = YES;
				CLANG_WARN_NON_LITERAL_NULL_CONVERSION = YES;
				CLANG_WARN_OBJC_LITERAL_CONVERSION = YES;
				CLANG_WARN_OBJC_ROOT_CLASS = YES_ERROR;
				CLANG_WARN_RANGE_LOOP_ANALYSIS = YES;
				CLANG_WARN_STRICT_PROTOTYPES = YES;
				CLANG_WARN_SUSPICIOUS_MOVE = YES;
				CLANG_WARN_UNGUARDED_AVAILABILITY = YES_AGGRESSIVE;
				CLANG_WARN_UNREACHABLE_CODE = YES;
				CLANG_WARN__DUPLICATE_METHOD_MATCH = YES;
				CODE_SIGN_IDENTITY = "iPhone Developer";
				COPY_PHASE_STRIP = NO;
				DEBUG_INFORMATION_FORMAT = dwarf;
				ENABLE_STRICT_OBJC_MSGSEND = YES;
				ENABLE_TESTABILITY = YES;
				GCC_C_LANGUAGE_STANDARD = gnu11;
				GCC_DYNAMIC_NO_PIC = NO;
				GCC_NO_COMMON_BLOCKS = YES;
				GCC_OPTIMIZATION_LEVEL = 0;
				GCC_PREPROCESSOR_DEFINITIONS = (
					"DEBUG=1",
					"$(inherited)",
				);
				GCC_WARN_64_TO_32_BIT_CONVERSION = YES;
				GCC_WARN_ABOUT_RETURN_TYPE = YES_ERROR;
				GCC_WARN_UNDECLARED_SELECTOR = YES;
				GCC_WARN_UNINITIALIZED_AUTOS = YES_AGGRESSIVE;
				GCC_WARN_UNUSED_FUNCTION = YES;
				GCC_WARN_UNUSED_VARIABLE = YES;
				IPHONEOS_DEPLOYMENT_TARGET = 11.2;
				MTL_ENABLE_DEBUG_INFO = YES;
				ONLY_ACTIVE_ARCH = YES;
				SDKROOT = iphoneos;
			};
			name = Debug;
		};
		27FE1E3C20939F7C008F2338 /* Release */ = {
			isa = XCBuildConfiguration;
			buildSettings = {
				ALWAYS_SEARCH_USER_PATHS = NO;
				CLANG_ANALYZER_NONNULL = YES;
				CLANG_ANALYZER_NUMBER_OBJECT_CONVERSION = YES_AGGRESSIVE;
				CLANG_CXX_LANGUAGE_STANDARD = "gnu++14";
				CLANG_CXX_LIBRARY = "libc++";
				CLANG_ENABLE_MODULES = YES;
				CLANG_ENABLE_OBJC_ARC = YES;
				CLANG_WARN_BLOCK_CAPTURE_AUTORELEASING = YES;
				CLANG_WARN_BOOL_CONVERSION = YES;
				CLANG_WARN_COMMA = YES;
				CLANG_WARN_CONSTANT_CONVERSION = YES;
				CLANG_WARN_DIRECT_OBJC_ISA_USAGE = YES_ERROR;
				CLANG_WARN_DOCUMENTATION_COMMENTS = YES;
				CLANG_WARN_EMPTY_BODY = YES;
				CLANG_WARN_ENUM_CONVERSION = YES;
				CLANG_WARN_INFINITE_RECURSION = YES;
				CLANG_WARN_INT_CONVERSION = YES;
				CLANG_WARN_NON_LITERAL_NULL_CONVERSION = YES;
				CLANG_WARN_OBJC_LITERAL_CONVERSION = YES;
				CLANG_WARN_OBJC_ROOT_CLASS = YES_ERROR;
				CLANG_WARN_RANGE_LOOP_ANALYSIS = YES;
				CLANG_WARN_STRICT_PROTOTYPES = YES;
				CLANG_WARN_SUSPICIOUS_MOVE = YES;
				CLANG_WARN_UNGUARDED_AVAILABILITY = YES_AGGRESSIVE;
				CLANG_WARN_UNREACHABLE_CODE = YES;
				CLANG_WARN__DUPLICATE_METHOD_MATCH = YES;
				CODE_SIGN_IDENTITY = "iPhone Developer";
				COPY_PHASE_STRIP = NO;
				DEBUG_INFORMATION_FORMAT = "dwarf-with-dsym";
				ENABLE_NS_ASSERTIONS = NO;
				ENABLE_STRICT_OBJC_MSGSEND = YES;
				GCC_C_LANGUAGE_STANDARD = gnu11;
				GCC_NO_COMMON_BLOCKS = YES;
				GCC_WARN_64_TO_32_BIT_CONVERSION = YES;
				GCC_WARN_ABOUT_RETURN_TYPE = YES_ERROR;
				GCC_WARN_UNDECLARED_SELECTOR = YES;
				GCC_WARN_UNINITIALIZED_AUTOS = YES_AGGRESSIVE;
				GCC_WARN_UNUSED_FUNCTION = YES;
				GCC_WARN_UNUSED_VARIABLE = YES;
				IPHONEOS_DEPLOYMENT_TARGET = 11.2;
				MTL_ENABLE_DEBUG_INFO = NO;
				SDKROOT = iphoneos;
				VALIDATE_PRODUCT = YES;
			};
			name = Release;
		};
		27FE1E3E20939F7C008F2338 /* Debug */ = {
			isa = XCBuildConfiguration;
			buildSettings = {
				ASSETCATALOG_COMPILER_APPICON_NAME = AppIcon;
				CODE_SIGN_STYLE = Automatic;
				INFOPLIST_FILE = "Uber Bean/Info.plist";
				LD_RUNPATH_SEARCH_PATHS = "$(inherited) @executable_path/Frameworks";
				PRODUCT_BUNDLE_IDENTIFIER = "com.MikeCameron.Uber-Bean";
				PRODUCT_NAME = "$(TARGET_NAME)";
				TARGETED_DEVICE_FAMILY = "1,2";
			};
			name = Debug;
		};
		27FE1E3F20939F7C008F2338 /* Release */ = {
			isa = XCBuildConfiguration;
			buildSettings = {
				ASSETCATALOG_COMPILER_APPICON_NAME = AppIcon;
				CODE_SIGN_STYLE = Automatic;
				INFOPLIST_FILE = "Uber Bean/Info.plist";
				LD_RUNPATH_SEARCH_PATHS = "$(inherited) @executable_path/Frameworks";
				PRODUCT_BUNDLE_IDENTIFIER = "com.MikeCameron.Uber-Bean";
				PRODUCT_NAME = "$(TARGET_NAME)";
				TARGETED_DEVICE_FAMILY = "1,2";
			};
			name = Release;
		};
/* End XCBuildConfiguration section */

/* Begin XCConfigurationList section */
		27FE1E2220939F7C008F2338 /* Build configuration list for PBXProject "Uber Bean" */ = {
			isa = XCConfigurationList;
			buildConfigurations = (
				27FE1E3B20939F7C008F2338 /* Debug */,
				27FE1E3C20939F7C008F2338 /* Release */,
			);
			defaultConfigurationIsVisible = 0;
			defaultConfigurationName = Release;
		};
		27FE1E3D20939F7C008F2338 /* Build configuration list for PBXNativeTarget "Uber Bean" */ = {
			isa = XCConfigurationList;
			buildConfigurations = (
				27FE1E3E20939F7C008F2338 /* Debug */,
				27FE1E3F20939F7C008F2338 /* Release */,
			);
			defaultConfigurationIsVisible = 0;
			defaultConfigurationName = Release;
		};
/* End XCConfigurationList section */
	};
	rootObject = 27FE1E1F20939F7C008F2338 /* Project object */;
}
